
Microsoft Visual Studio Solution File, Format Version 12.00
Project("{FAE04EC0-301F-11D3-BF4B-00C04F79EFBC}") = "Ssit.IoC", "Ssit.IoC.csproj", "{27CE3EDD-81F6-4070-940E-DF4CCCD1C45B}"
EndProject
Global
	GlobalSection(SolutionConfigurationPlatforms) = preSolution
		Debug|Any CPU = Debug|Any CPU
		Release|Any CPU = Release|Any CPU
	EndGlobalSection
	GlobalSection(ProjectConfigurationPlatforms) = postSolution
		{27CE3EDD-81F6-4070-940E-DF4CCCD1C45B}.Debug|Any CPU.ActiveCfg = Debug|Any CPU
		{27CE3EDD-81F6-4070-940E-DF4CCCD1C45B}.Debug|Any CPU.Build.0 = Debug|Any CPU
		{27CE3EDD-81F6-4070-940E-DF4CCCD1C45B}.Release|Any CPU.ActiveCfg = Release|Any CPU
		{27CE3EDD-81F6-4070-940E-DF4CCCD1C45B}.Release|Any CPU.Build.0 = Release|Any CPU
	EndGlobalSection
EndGlobal
